
Microsoft Visual Studio Solution File, Format Version 12.00
# Visual Studio Version 17
VisualStudioVersion = 17.11.35208.52
MinimumVisualStudioVersion = 10.0.40219.1
Project("{FAE04EC0-301F-11D3-BF4B-00C04F79EFBC}") = "EmployeeDB", "EmployeeDB\EmployeeDB.csproj", "{A56E55E6-F5FD-40B7-AB29-0B41862D7B8F}"
EndProject
Global
	GlobalSection(SolutionConfigurationPlatforms) = preSolution
		Debug|Any CPU = Debug|Any CPU
		Release|Any CPU = Release|Any CPU
	EndGlobalSection
	GlobalSection(ProjectConfigurationPlatforms) = postSolution
		{A56E55E6-F5FD-40B7-AB29-0B41862D7B8F}.Debug|Any CPU.ActiveCfg = Debug|Any CPU
		{A56E55E6-F5FD-40B7-AB29-0B41862D7B8F}.Debug|Any CPU.Build.0 = Debug|Any CPU
		{A56E55E6-F5FD-40B7-AB29-0B41862D7B8F}.Release|Any CPU.ActiveCfg = Release|Any CPU
		{A56E55E6-F5FD-40B7-AB29-0B41862D7B8F}.Release|Any CPU.Build.0 = Release|Any CPU
	EndGlobalSection
	GlobalSection(SolutionProperties) = preSolution
		HideSolutionNode = FALSE
	EndGlobalSection
	GlobalSection(ExtensibilityGlobals) = postSolution
		SolutionGuid = {BBCFBF7C-3775-4C65-808E-3CB5FBE87162}
	EndGlobalSection
EndGlobal
